// !$*UTF8*$!
{
	archiveVersion = 1;
	classes = {
	};
	objectVersion = 46;
	objects = {

/* Begin PBXBuildFile section */
		0C712C227980665B4E8B35EC /* Pods_SimpleMessagingTests.framework in Frameworks */ = {isa = PBXBuildFile; fileRef = 45F1320D377290AD07976A6F /* Pods_SimpleMessagingTests.framework */; settings = {ATTRIBUTES = (Weak, ); }; };
		6301987934DFF842FF085B37 /* Pods_SimpleMessaging.framework in Frameworks */ = {isa = PBXBuildFile; fileRef = E6EB719CD1CD29A234BC3C09 /* Pods_SimpleMessaging.framework */; settings = {ATTRIBUTES = (Weak, ); }; };
		FA04D2B61B9122F50048339D /* AppDelegate.swift in Sources */ = {isa = PBXBuildFile; fileRef = FA04D2B51B9122F50048339D /* AppDelegate.swift */; };
		FA04D2B81B9122F50048339D /* ChannelsViewController.swift in Sources */ = {isa = PBXBuildFile; fileRef = FA04D2B71B9122F50048339D /* ChannelsViewController.swift */; };
		FA04D2BD1B9122F50048339D /* Images.xcassets in Resources */ = {isa = PBXBuildFile; fileRef = FA04D2BC1B9122F50048339D /* Images.xcassets */; };
		FA04D2C01B9122F50048339D /* LaunchScreen.xib in Resources */ = {isa = PBXBuildFile; fileRef = FA04D2BE1B9122F50048339D /* LaunchScreen.xib */; };
		FA04D2CC1B9122F50048339D /* SimpleMessagingTests.swift in Sources */ = {isa = PBXBuildFile; fileRef = FA04D2CB1B9122F50048339D /* SimpleMessagingTests.swift */; };
		FA04D2DD1B92255F0048339D /* UIColor+SimpleMessaging.swift in Sources */ = {isa = PBXBuildFile; fileRef = FA04D2DC1B92255F0048339D /* UIColor+SimpleMessaging.swift */; };
		FA04D2DF1B9227C30048339D /* BackgroundView.swift in Sources */ = {isa = PBXBuildFile; fileRef = FA04D2DE1B9227C30048339D /* BackgroundView.swift */; };
		FA04D2E11B9234EB0048339D /* LoginViewController.swift in Sources */ = {isa = PBXBuildFile; fileRef = FA04D2E01B9234EB0048339D /* LoginViewController.swift */; };
		FA04D2E21B9234F00048339D /* ChannelsViewController.swift in Sources */ = {isa = PBXBuildFile; fileRef = FA04D2B71B9122F50048339D /* ChannelsViewController.swift */; };
		FA04D2E31B9234F00048339D /* LoginViewController.swift in Sources */ = {isa = PBXBuildFile; fileRef = FA04D2E01B9234EB0048339D /* LoginViewController.swift */; };
		FA04D2E51B9235290048339D /* SMViewController.swift in Sources */ = {isa = PBXBuildFile; fileRef = FA04D2E41B9235290048339D /* SMViewController.swift */; };
		FA04D2E61B9235330048339D /* SMViewController.swift in Sources */ = {isa = PBXBuildFile; fileRef = FA04D2E41B9235290048339D /* SMViewController.swift */; };
		FA04D2EA1B92366C0048339D /* BackgroundView.swift in Sources */ = {isa = PBXBuildFile; fileRef = FA04D2DE1B9227C30048339D /* BackgroundView.swift */; };
		FA04D2EB1B9236780048339D /* UIColor+SimpleMessaging.swift in Sources */ = {isa = PBXBuildFile; fileRef = FA04D2DC1B92255F0048339D /* UIColor+SimpleMessaging.swift */; };
		FA04D2ED1B9253370048339D /* Constants.swift in Sources */ = {isa = PBXBuildFile; fileRef = FA04D2EC1B9253370048339D /* Constants.swift */; };
		FA04D2EE1B9253370048339D /* Constants.swift in Sources */ = {isa = PBXBuildFile; fileRef = FA04D2EC1B9253370048339D /* Constants.swift */; };
		FA04D2F01B926DB40048339D /* Configurations.plist in Resources */ = {isa = PBXBuildFile; fileRef = FA04D2EF1B926DB40048339D /* Configurations.plist */; };
		FA04D2F11B926DB40048339D /* Configurations.plist in Resources */ = {isa = PBXBuildFile; fileRef = FA04D2EF1B926DB40048339D /* Configurations.plist */; };
		FA04D2F71B935F160048339D /* SMTextField.swift in Sources */ = {isa = PBXBuildFile; fileRef = FA04D2F61B935F160048339D /* SMTextField.swift */; };
		FA04D2F81B935FD40048339D /* SMTextField.swift in Sources */ = {isa = PBXBuildFile; fileRef = FA04D2F61B935F160048339D /* SMTextField.swift */; };
		FA9504FE1B9B814900CC361F /* HexagonCollectionViewCell.swift in Sources */ = {isa = PBXBuildFile; fileRef = FA9504FD1B9B814900CC361F /* HexagonCollectionViewCell.swift */; };
		FA9504FF1B9B82F500CC361F /* HexagonCollectionViewCell.swift in Sources */ = {isa = PBXBuildFile; fileRef = FA9504FD1B9B814900CC361F /* HexagonCollectionViewCell.swift */; };
		FA9505011B9BAF8100CC361F /* ChannelCollectionViewCell.swift in Sources */ = {isa = PBXBuildFile; fileRef = FA9505001B9BAF8100CC361F /* ChannelCollectionViewCell.swift */; };
		FA9505021B9BAF8100CC361F /* ChannelCollectionViewCell.swift in Sources */ = {isa = PBXBuildFile; fileRef = FA9505001B9BAF8100CC361F /* ChannelCollectionViewCell.swift */; };
		FA9505041B9BB69200CC361F /* ChannelIconView.swift in Sources */ = {isa = PBXBuildFile; fileRef = FA9505031B9BB69200CC361F /* ChannelIconView.swift */; };
		FA9505051B9BB69200CC361F /* ChannelIconView.swift in Sources */ = {isa = PBXBuildFile; fileRef = FA9505031B9BB69200CC361F /* ChannelIconView.swift */; };
		FA9505071B9BB91800CC361F /* String+SimpleMessaging.swift in Sources */ = {isa = PBXBuildFile; fileRef = FA9505061B9BB91800CC361F /* String+SimpleMessaging.swift */; };
		FA9505081B9BB91800CC361F /* String+SimpleMessaging.swift in Sources */ = {isa = PBXBuildFile; fileRef = FA9505061B9BB91800CC361F /* String+SimpleMessaging.swift */; };
/* End PBXBuildFile section */

/* Begin PBXContainerItemProxy section */
		FA04D2C61B9122F50048339D /* PBXContainerItemProxy */ = {
			isa = PBXContainerItemProxy;
			containerPortal = FA04D2A81B9122F50048339D /* Project object */;
			proxyType = 1;
			remoteGlobalIDString = FA04D2AF1B9122F50048339D;
			remoteInfo = SimpleMessaging;
		};
/* End PBXContainerItemProxy section */

/* Begin PBXFileReference section */
		45F1320D377290AD07976A6F /* Pods_SimpleMessagingTests.framework */ = {isa = PBXFileReference; explicitFileType = wrapper.framework; includeInIndex = 0; path = Pods_SimpleMessagingTests.framework; sourceTree = BUILT_PRODUCTS_DIR; };
		46D34BAD8B3E6DC173EDF53F /* Pods-SimpleMessaging.debug.xcconfig */ = {isa = PBXFileReference; includeInIndex = 1; lastKnownFileType = text.xcconfig; name = "Pods-SimpleMessaging.debug.xcconfig"; path = "Pods/Target Support Files/Pods-SimpleMessaging/Pods-SimpleMessaging.debug.xcconfig"; sourceTree = "<group>"; };
		556B10E7A99985DED8EF4B9A /* Pods-SimpleMessagingTests.debug.xcconfig */ = {isa = PBXFileReference; includeInIndex = 1; lastKnownFileType = text.xcconfig; name = "Pods-SimpleMessagingTests.debug.xcconfig"; path = "Pods/Target Support Files/Pods-SimpleMessagingTests/Pods-SimpleMessagingTests.debug.xcconfig"; sourceTree = "<group>"; };
		7E7351727C30BFE0FA48AD75 /* Pods-SimpleMessagingTests.release.xcconfig */ = {isa = PBXFileReference; includeInIndex = 1; lastKnownFileType = text.xcconfig; name = "Pods-SimpleMessagingTests.release.xcconfig"; path = "Pods/Target Support Files/Pods-SimpleMessagingTests/Pods-SimpleMessagingTests.release.xcconfig"; sourceTree = "<group>"; };
		A44D7DD22F3F1E2BBF9FCE30 /* Pods-SimpleMessaging.release.xcconfig */ = {isa = PBXFileReference; includeInIndex = 1; lastKnownFileType = text.xcconfig; name = "Pods-SimpleMessaging.release.xcconfig"; path = "Pods/Target Support Files/Pods-SimpleMessaging/Pods-SimpleMessaging.release.xcconfig"; sourceTree = "<group>"; };
		E6EB719CD1CD29A234BC3C09 /* Pods_SimpleMessaging.framework */ = {isa = PBXFileReference; explicitFileType = wrapper.framework; includeInIndex = 0; path = Pods_SimpleMessaging.framework; sourceTree = BUILT_PRODUCTS_DIR; };
		FA04D2B01B9122F50048339D /* SimpleMessaging.app */ = {isa = PBXFileReference; explicitFileType = wrapper.application; includeInIndex = 0; path = SimpleMessaging.app; sourceTree = BUILT_PRODUCTS_DIR; };
		FA04D2B41B9122F50048339D /* Info.plist */ = {isa = PBXFileReference; lastKnownFileType = text.plist.xml; path = Info.plist; sourceTree = "<group>"; };
		FA04D2B51B9122F50048339D /* AppDelegate.swift */ = {isa = PBXFileReference; lastKnownFileType = sourcecode.swift; path = AppDelegate.swift; sourceTree = "<group>"; };
		FA04D2B71B9122F50048339D /* ChannelsViewController.swift */ = {isa = PBXFileReference; lastKnownFileType = sourcecode.swift; path = ChannelsViewController.swift; sourceTree = "<group>"; };
		FA04D2BC1B9122F50048339D /* Images.xcassets */ = {isa = PBXFileReference; lastKnownFileType = folder.assetcatalog; path = Images.xcassets; sourceTree = "<group>"; };
		FA04D2BF1B9122F50048339D /* Base */ = {isa = PBXFileReference; lastKnownFileType = file.xib; name = Base; path = Base.lproj/LaunchScreen.xib; sourceTree = "<group>"; };
		FA04D2C51B9122F50048339D /* SimpleMessagingTests.xctest */ = {isa = PBXFileReference; explicitFileType = wrapper.cfbundle; includeInIndex = 0; path = SimpleMessagingTests.xctest; sourceTree = BUILT_PRODUCTS_DIR; };
		FA04D2CA1B9122F50048339D /* Info.plist */ = {isa = PBXFileReference; lastKnownFileType = text.plist.xml; path = Info.plist; sourceTree = "<group>"; };
		FA04D2CB1B9122F50048339D /* SimpleMessagingTests.swift */ = {isa = PBXFileReference; lastKnownFileType = sourcecode.swift; path = SimpleMessagingTests.swift; sourceTree = "<group>"; };
		FA04D2D51B9125870048339D /* SimpleMessaging-Bridging-Header.h */ = {isa = PBXFileReference; lastKnownFileType = sourcecode.c.h; path = "SimpleMessaging-Bridging-Header.h"; sourceTree = "<group>"; };
		FA04D2D61B9125880048339D /* SimpleMessagingTests-Bridging-Header.h */ = {isa = PBXFileReference; lastKnownFileType = sourcecode.c.h; path = "SimpleMessagingTests-Bridging-Header.h"; sourceTree = "<group>"; };
		FA04D2DC1B92255F0048339D /* UIColor+SimpleMessaging.swift */ = {isa = PBXFileReference; fileEncoding = 4; lastKnownFileType = sourcecode.swift; path = "UIColor+SimpleMessaging.swift"; sourceTree = "<group>"; };
		FA04D2DE1B9227C30048339D /* BackgroundView.swift */ = {isa = PBXFileReference; fileEncoding = 4; lastKnownFileType = sourcecode.swift; path = BackgroundView.swift; sourceTree = "<group>"; };
		FA04D2E01B9234EB0048339D /* LoginViewController.swift */ = {isa = PBXFileReference; fileEncoding = 4; lastKnownFileType = sourcecode.swift; path = LoginViewController.swift; sourceTree = "<group>"; };
		FA04D2E41B9235290048339D /* SMViewController.swift */ = {isa = PBXFileReference; fileEncoding = 4; lastKnownFileType = sourcecode.swift; path = SMViewController.swift; sourceTree = "<group>"; };
		FA04D2EC1B9253370048339D /* Constants.swift */ = {isa = PBXFileReference; fileEncoding = 4; lastKnownFileType = sourcecode.swift; path = Constants.swift; sourceTree = "<group>"; };
		FA04D2EF1B926DB40048339D /* Configurations.plist */ = {isa = PBXFileReference; fileEncoding = 4; lastKnownFileType = text.plist.xml; path = Configurations.plist; sourceTree = "<group>"; };
		FA04D2F61B935F160048339D /* SMTextField.swift */ = {isa = PBXFileReference; fileEncoding = 4; lastKnownFileType = sourcecode.swift; path = SMTextField.swift; sourceTree = "<group>"; };
		FA7509281B95628200BC5AAD /* libxml2.dylib */ = {isa = PBXFileReference; lastKnownFileType = "compiled.mach-o.dylib"; name = libxml2.dylib; path = usr/lib/libxml2.dylib; sourceTree = SDKROOT; };
		FA9504FD1B9B814900CC361F /* HexagonCollectionViewCell.swift */ = {isa = PBXFileReference; fileEncoding = 4; lastKnownFileType = sourcecode.swift; path = HexagonCollectionViewCell.swift; sourceTree = "<group>"; };
		FA9505001B9BAF8100CC361F /* ChannelCollectionViewCell.swift */ = {isa = PBXFileReference; fileEncoding = 4; lastKnownFileType = sourcecode.swift; path = ChannelCollectionViewCell.swift; sourceTree = "<group>"; };
		FA9505031B9BB69200CC361F /* ChannelIconView.swift */ = {isa = PBXFileReference; fileEncoding = 4; lastKnownFileType = sourcecode.swift; path = ChannelIconView.swift; sourceTree = "<group>"; };
		FA9505061B9BB91800CC361F /* String+SimpleMessaging.swift */ = {isa = PBXFileReference; fileEncoding = 4; lastKnownFileType = sourcecode.swift; path = "String+SimpleMessaging.swift"; sourceTree = "<group>"; };
/* End PBXFileReference section */

/* Begin PBXFrameworksBuildPhase section */
		FA04D2AD1B9122F50048339D /* Frameworks */ = {
			isa = PBXFrameworksBuildPhase;
			buildActionMask = 2147483647;
			files = (
				6301987934DFF842FF085B37 /* Pods_SimpleMessaging.framework in Frameworks */,
			);
			runOnlyForDeploymentPostprocessing = 0;
		};
		FA04D2C21B9122F50048339D /* Frameworks */ = {
			isa = PBXFrameworksBuildPhase;
			buildActionMask = 2147483647;
			files = (
				0C712C227980665B4E8B35EC /* Pods_SimpleMessagingTests.framework in Frameworks */,
			);
			runOnlyForDeploymentPostprocessing = 0;
		};
/* End PBXFrameworksBuildPhase section */

/* Begin PBXGroup section */
		10870E48730DCE02ACAFCE04 /* Pods */ = {
			isa = PBXGroup;
			children = (
				46D34BAD8B3E6DC173EDF53F /* Pods-SimpleMessaging.debug.xcconfig */,
				A44D7DD22F3F1E2BBF9FCE30 /* Pods-SimpleMessaging.release.xcconfig */,
				556B10E7A99985DED8EF4B9A /* Pods-SimpleMessagingTests.debug.xcconfig */,
				7E7351727C30BFE0FA48AD75 /* Pods-SimpleMessagingTests.release.xcconfig */,
			);
			name = Pods;
			sourceTree = "<group>";
		};
		52B0BD3256B73AD430F3E500 /* Frameworks */ = {
			isa = PBXGroup;
			children = (
				FA7509281B95628200BC5AAD /* libxml2.dylib */,
				E6EB719CD1CD29A234BC3C09 /* Pods_SimpleMessaging.framework */,
				45F1320D377290AD07976A6F /* Pods_SimpleMessagingTests.framework */,
			);
			name = Frameworks;
			sourceTree = "<group>";
		};
		FA04D2A71B9122F50048339D = {
			isa = PBXGroup;
			children = (
				FA04D2EF1B926DB40048339D /* Configurations.plist */,
				FA04D2B21B9122F50048339D /* SimpleMessaging */,
				FA04D2C81B9122F50048339D /* SimpleMessagingTests */,
				FA04D2B11B9122F50048339D /* Products */,
				10870E48730DCE02ACAFCE04 /* Pods */,
				52B0BD3256B73AD430F3E500 /* Frameworks */,
				FA04D2D51B9125870048339D /* SimpleMessaging-Bridging-Header.h */,
				FA04D2D61B9125880048339D /* SimpleMessagingTests-Bridging-Header.h */,
			);
			sourceTree = "<group>";
		};
		FA04D2B11B9122F50048339D /* Products */ = {
			isa = PBXGroup;
			children = (
				FA04D2B01B9122F50048339D /* SimpleMessaging.app */,
				FA04D2C51B9122F50048339D /* SimpleMessagingTests.xctest */,
			);
			name = Products;
			sourceTree = "<group>";
		};
		FA04D2B21B9122F50048339D /* SimpleMessaging */ = {
			isa = PBXGroup;
			children = (
				FA04D2B51B9122F50048339D /* AppDelegate.swift */,
				FA04D2EC1B9253370048339D /* Constants.swift */,
				FA04D2E71B9235530048339D /* Controllers */,
				FA04D2E91B9235720048339D /* Extensions */,
				FA04D2BC1B9122F50048339D /* Images.xcassets */,
				FA04D2BE1B9122F50048339D /* LaunchScreen.xib */,
				FA04D2B31B9122F50048339D /* Supporting Files */,
				FA04D2E81B92355A0048339D /* Views */,
			);
			path = SimpleMessaging;
			sourceTree = "<group>";
		};
		FA04D2B31B9122F50048339D /* Supporting Files */ = {
			isa = PBXGroup;
			children = (
				FA04D2B41B9122F50048339D /* Info.plist */,
			);
			name = "Supporting Files";
			sourceTree = "<group>";
		};
		FA04D2C81B9122F50048339D /* SimpleMessagingTests */ = {
			isa = PBXGroup;
			children = (
				FA04D2CB1B9122F50048339D /* SimpleMessagingTests.swift */,
				FA04D2C91B9122F50048339D /* Supporting Files */,
			);
			path = SimpleMessagingTests;
			sourceTree = "<group>";
		};
		FA04D2C91B9122F50048339D /* Supporting Files */ = {
			isa = PBXGroup;
			children = (
				FA04D2CA1B9122F50048339D /* Info.plist */,
			);
			name = "Supporting Files";
			sourceTree = "<group>";
		};
		FA04D2E71B9235530048339D /* Controllers */ = {
			isa = PBXGroup;
			children = (
				FA04D2B71B9122F50048339D /* ChannelsViewController.swift */,
				FA04D2E01B9234EB0048339D /* LoginViewController.swift */,
				FA04D2E41B9235290048339D /* SMViewController.swift */,
			);
			name = Controllers;
			sourceTree = "<group>";
		};
		FA04D2E81B92355A0048339D /* Views */ = {
			isa = PBXGroup;
			children = (
				FA04D2DE1B9227C30048339D /* BackgroundView.swift */,
				FA04D2F61B935F160048339D /* SMTextField.swift */,
				FA9504FD1B9B814900CC361F /* HexagonCollectionViewCell.swift */,
				FA9505001B9BAF8100CC361F /* ChannelCollectionViewCell.swift */,
				FA9505031B9BB69200CC361F /* ChannelIconView.swift */,
			);
			name = Views;
			sourceTree = "<group>";
		};
		FA04D2E91B9235720048339D /* Extensions */ = {
			isa = PBXGroup;
			children = (
				FA04D2DC1B92255F0048339D /* UIColor+SimpleMessaging.swift */,
				FA9505061B9BB91800CC361F /* String+SimpleMessaging.swift */,
			);
			name = Extensions;
			sourceTree = "<group>";
		};
/* End PBXGroup section */

/* Begin PBXNativeTarget section */
		FA04D2AF1B9122F50048339D /* SimpleMessaging */ = {
			isa = PBXNativeTarget;
			buildConfigurationList = FA04D2CF1B9122F50048339D /* Build configuration list for PBXNativeTarget "SimpleMessaging" */;
			buildPhases = (
				F0C343E1D21E43AAA36E3856 /* Check Pods Manifest.lock */,
				FA04D2AC1B9122F50048339D /* Sources */,
				FA04D2AD1B9122F50048339D /* Frameworks */,
				FA04D2AE1B9122F50048339D /* Resources */,
				87AC1D5A279C72005301B0DD /* Copy Pods Resources */,
				498259613477C19294A97780 /* Embed Pods Frameworks */,
			);
			buildRules = (
			);
			dependencies = (
			);
			name = SimpleMessaging;
			productName = SimpleMessaging;
			productReference = FA04D2B01B9122F50048339D /* SimpleMessaging.app */;
			productType = "com.apple.product-type.application";
		};
		FA04D2C41B9122F50048339D /* SimpleMessagingTests */ = {
			isa = PBXNativeTarget;
			buildConfigurationList = FA04D2D21B9122F50048339D /* Build configuration list for PBXNativeTarget "SimpleMessagingTests" */;
			buildPhases = (
				40B7D61C92BB64FA43D6D229 /* Check Pods Manifest.lock */,
				FA04D2C11B9122F50048339D /* Sources */,
				FA04D2C21B9122F50048339D /* Frameworks */,
				FA04D2C31B9122F50048339D /* Resources */,
				3C17386DF642A1FF95E77FCE /* Copy Pods Resources */,
				F0AB47CB2ED95405671F2BFA /* Embed Pods Frameworks */,
			);
			buildRules = (
			);
			dependencies = (
				FA04D2C71B9122F50048339D /* PBXTargetDependency */,
			);
			name = SimpleMessagingTests;
			productName = SimpleMessagingTests;
			productReference = FA04D2C51B9122F50048339D /* SimpleMessagingTests.xctest */;
			productType = "com.apple.product-type.bundle.unit-test";
		};
/* End PBXNativeTarget section */

/* Begin PBXProject section */
		FA04D2A81B9122F50048339D /* Project object */ = {
			isa = PBXProject;
			attributes = {
				LastUpgradeCheck = 0640;
				ORGANIZATIONNAME = "Seth Samuel";
				TargetAttributes = {
					FA04D2AF1B9122F50048339D = {
						CreatedOnToolsVersion = 6.4;
					};
					FA04D2C41B9122F50048339D = {
						CreatedOnToolsVersion = 6.4;
						TestTargetID = FA04D2AF1B9122F50048339D;
					};
				};
			};
			buildConfigurationList = FA04D2AB1B9122F50048339D /* Build configuration list for PBXProject "SimpleMessaging" */;
			compatibilityVersion = "Xcode 3.2";
			developmentRegion = English;
			hasScannedForEncodings = 0;
			knownRegions = (
				en,
				Base,
			);
			mainGroup = FA04D2A71B9122F50048339D;
			productRefGroup = FA04D2B11B9122F50048339D /* Products */;
			projectDirPath = "";
			projectRoot = "";
			targets = (
				FA04D2AF1B9122F50048339D /* SimpleMessaging */,
				FA04D2C41B9122F50048339D /* SimpleMessagingTests */,
			);
		};
/* End PBXProject section */

/* Begin PBXResourcesBuildPhase section */
		FA04D2AE1B9122F50048339D /* Resources */ = {
			isa = PBXResourcesBuildPhase;
			buildActionMask = 2147483647;
			files = (
				FA04D2C01B9122F50048339D /* LaunchScreen.xib in Resources */,
				FA04D2F01B926DB40048339D /* Configurations.plist in Resources */,
				FA04D2BD1B9122F50048339D /* Images.xcassets in Resources */,
			);
			runOnlyForDeploymentPostprocessing = 0;
		};
		FA04D2C31B9122F50048339D /* Resources */ = {
			isa = PBXResourcesBuildPhase;
			buildActionMask = 2147483647;
			files = (
				FA04D2F11B926DB40048339D /* Configurations.plist in Resources */,
			);
			runOnlyForDeploymentPostprocessing = 0;
		};
/* End PBXResourcesBuildPhase section */

/* Begin PBXShellScriptBuildPhase section */
		3C17386DF642A1FF95E77FCE /* Copy Pods Resources */ = {
			isa = PBXShellScriptBuildPhase;
			buildActionMask = 2147483647;
			files = (
			);
			inputPaths = (
			);
			name = "Copy Pods Resources";
			outputPaths = (
			);
			runOnlyForDeploymentPostprocessing = 0;
			shellPath = /bin/sh;
			shellScript = "\"${SRCROOT}/Pods/Target Support Files/Pods-SimpleMessagingTests/Pods-SimpleMessagingTests-resources.sh\"\n";
			showEnvVarsInLog = 0;
		};
		40B7D61C92BB64FA43D6D229 /* Check Pods Manifest.lock */ = {
			isa = PBXShellScriptBuildPhase;
			buildActionMask = 2147483647;
			files = (
			);
			inputPaths = (
			);
			name = "Check Pods Manifest.lock";
			outputPaths = (
			);
			runOnlyForDeploymentPostprocessing = 0;
			shellPath = /bin/sh;
			shellScript = "diff \"${PODS_ROOT}/../Podfile.lock\" \"${PODS_ROOT}/Manifest.lock\" > /dev/null\nif [[ $? != 0 ]] ; then\n    cat << EOM\nerror: The sandbox is not in sync with the Podfile.lock. Run 'pod install' or update your CocoaPods installation.\nEOM\n    exit 1\nfi\n";
			showEnvVarsInLog = 0;
		};
		498259613477C19294A97780 /* Embed Pods Frameworks */ = {
			isa = PBXShellScriptBuildPhase;
			buildActionMask = 2147483647;
			files = (
			);
			inputPaths = (
			);
			name = "Embed Pods Frameworks";
			outputPaths = (
			);
			runOnlyForDeploymentPostprocessing = 0;
			shellPath = /bin/sh;
			shellScript = "\"${SRCROOT}/Pods/Target Support Files/Pods-SimpleMessaging/Pods-SimpleMessaging-frameworks.sh\"\n";
			showEnvVarsInLog = 0;
		};
		87AC1D5A279C72005301B0DD /* Copy Pods Resources */ = {
			isa = PBXShellScriptBuildPhase;
			buildActionMask = 2147483647;
			files = (
			);
			inputPaths = (
			);
			name = "Copy Pods Resources";
			outputPaths = (
			);
			runOnlyForDeploymentPostprocessing = 0;
			shellPath = /bin/sh;
			shellScript = "\"${SRCROOT}/Pods/Target Support Files/Pods-SimpleMessaging/Pods-SimpleMessaging-resources.sh\"\n";
			showEnvVarsInLog = 0;
		};
		F0AB47CB2ED95405671F2BFA /* Embed Pods Frameworks */ = {
			isa = PBXShellScriptBuildPhase;
			buildActionMask = 2147483647;
			files = (
			);
			inputPaths = (
			);
			name = "Embed Pods Frameworks";
			outputPaths = (
			);
			runOnlyForDeploymentPostprocessing = 0;
			shellPath = /bin/sh;
			shellScript = "\"${SRCROOT}/Pods/Target Support Files/Pods-SimpleMessagingTests/Pods-SimpleMessagingTests-frameworks.sh\"\n";
			showEnvVarsInLog = 0;
		};
		F0C343E1D21E43AAA36E3856 /* Check Pods Manifest.lock */ = {
			isa = PBXShellScriptBuildPhase;
			buildActionMask = 2147483647;
			files = (
			);
			inputPaths = (
			);
			name = "Check Pods Manifest.lock";
			outputPaths = (
			);
			runOnlyForDeploymentPostprocessing = 0;
			shellPath = /bin/sh;
			shellScript = "diff \"${PODS_ROOT}/../Podfile.lock\" \"${PODS_ROOT}/Manifest.lock\" > /dev/null\nif [[ $? != 0 ]] ; then\n    cat << EOM\nerror: The sandbox is not in sync with the Podfile.lock. Run 'pod install' or update your CocoaPods installation.\nEOM\n    exit 1\nfi\n";
			showEnvVarsInLog = 0;
		};
/* End PBXShellScriptBuildPhase section */

/* Begin PBXSourcesBuildPhase section */
		FA04D2AC1B9122F50048339D /* Sources */ = {
			isa = PBXSourcesBuildPhase;
			buildActionMask = 2147483647;
			files = (
				FA04D2E11B9234EB0048339D /* LoginViewController.swift in Sources */,
				FA9505071B9BB91800CC361F /* String+SimpleMessaging.swift in Sources */,
				FA04D2DF1B9227C30048339D /* BackgroundView.swift in Sources */,
				FA04D2DD1B92255F0048339D /* UIColor+SimpleMessaging.swift in Sources */,
				FA9504FE1B9B814900CC361F /* HexagonCollectionViewCell.swift in Sources */,
				FA9505011B9BAF8100CC361F /* ChannelCollectionViewCell.swift in Sources */,
				FA9505041B9BB69200CC361F /* ChannelIconView.swift in Sources */,
				FA04D2B81B9122F50048339D /* ChannelsViewController.swift in Sources */,
				FA04D2B61B9122F50048339D /* AppDelegate.swift in Sources */,
				FA04D2E51B9235290048339D /* SMViewController.swift in Sources */,
				FA04D2F71B935F160048339D /* SMTextField.swift in Sources */,
				FA04D2ED1B9253370048339D /* Constants.swift in Sources */,
			);
			runOnlyForDeploymentPostprocessing = 0;
		};
		FA04D2C11B9122F50048339D /* Sources */ = {
			isa = PBXSourcesBuildPhase;
			buildActionMask = 2147483647;
			files = (
				FA04D2EA1B92366C0048339D /* BackgroundView.swift in Sources */,
				FA9505081B9BB91800CC361F /* String+SimpleMessaging.swift in Sources */,
				FA04D2F81B935FD40048339D /* SMTextField.swift in Sources */,
				FA04D2E31B9234F00048339D /* LoginViewController.swift in Sources */,
				FA9504FF1B9B82F500CC361F /* HexagonCollectionViewCell.swift in Sources */,
				FA9505021B9BAF8100CC361F /* ChannelCollectionViewCell.swift in Sources */,
				FA9505051B9BB69200CC361F /* ChannelIconView.swift in Sources */,
				FA04D2E21B9234F00048339D /* ChannelsViewController.swift in Sources */,
				FA04D2E61B9235330048339D /* SMViewController.swift in Sources */,
				FA04D2EB1B9236780048339D /* UIColor+SimpleMessaging.swift in Sources */,
				FA04D2CC1B9122F50048339D /* SimpleMessagingTests.swift in Sources */,
				FA04D2EE1B9253370048339D /* Constants.swift in Sources */,
			);
			runOnlyForDeploymentPostprocessing = 0;
		};
/* End PBXSourcesBuildPhase section */

/* Begin PBXTargetDependency section */
		FA04D2C71B9122F50048339D /* PBXTargetDependency */ = {
			isa = PBXTargetDependency;
			target = FA04D2AF1B9122F50048339D /* SimpleMessaging */;
			targetProxy = FA04D2C61B9122F50048339D /* PBXContainerItemProxy */;
		};
/* End PBXTargetDependency section */

/* Begin PBXVariantGroup section */
		FA04D2BE1B9122F50048339D /* LaunchScreen.xib */ = {
			isa = PBXVariantGroup;
			children = (
				FA04D2BF1B9122F50048339D /* Base */,
			);
			name = LaunchScreen.xib;
			sourceTree = "<group>";
		};
/* End PBXVariantGroup section */

/* Begin XCBuildConfiguration section */
		FA04D2CD1B9122F50048339D /* Debug */ = {
			isa = XCBuildConfiguration;
			buildSettings = {
				ALWAYS_SEARCH_USER_PATHS = NO;
				CLANG_CXX_LANGUAGE_STANDARD = "gnu++0x";
				CLANG_CXX_LIBRARY = "libc++";
				CLANG_ENABLE_MODULES = YES;
				CLANG_ENABLE_OBJC_ARC = YES;
				CLANG_WARN_BOOL_CONVERSION = YES;
				CLANG_WARN_CONSTANT_CONVERSION = YES;
				CLANG_WARN_DIRECT_OBJC_ISA_USAGE = YES_ERROR;
				CLANG_WARN_EMPTY_BODY = YES;
				CLANG_WARN_ENUM_CONVERSION = YES;
				CLANG_WARN_INT_CONVERSION = YES;
				CLANG_WARN_OBJC_ROOT_CLASS = YES_ERROR;
				CLANG_WARN_UNREACHABLE_CODE = YES;
				CLANG_WARN__DUPLICATE_METHOD_MATCH = YES;
				"CODE_SIGN_IDENTITY[sdk=iphoneos*]" = "iPhone Developer";
				COPY_PHASE_STRIP = NO;
				DEBUG_INFORMATION_FORMAT = "dwarf-with-dsym";
				ENABLE_STRICT_OBJC_MSGSEND = YES;
				GCC_C_LANGUAGE_STANDARD = gnu99;
				GCC_DYNAMIC_NO_PIC = NO;
				GCC_NO_COMMON_BLOCKS = YES;
				GCC_OPTIMIZATION_LEVEL = 0;
				GCC_PREPROCESSOR_DEFINITIONS = (
					"DEBUG=1",
					"$(inherited)",
				);
				GCC_SYMBOLS_PRIVATE_EXTERN = NO;
				GCC_WARN_64_TO_32_BIT_CONVERSION = YES;
				GCC_WARN_ABOUT_RETURN_TYPE = YES_ERROR;
				GCC_WARN_UNDECLARED_SELECTOR = YES;
				GCC_WARN_UNINITIALIZED_AUTOS = YES_AGGRESSIVE;
				GCC_WARN_UNUSED_FUNCTION = YES;
				GCC_WARN_UNUSED_VARIABLE = YES;
				IPHONEOS_DEPLOYMENT_TARGET = 8.4;
				MTL_ENABLE_DEBUG_INFO = YES;
				ONLY_ACTIVE_ARCH = YES;
				SDKROOT = iphoneos;
				SWIFT_OPTIMIZATION_LEVEL = "-Onone";
				TARGETED_DEVICE_FAMILY = "1,2";
			};
			name = Debug;
		};
		FA04D2CE1B9122F50048339D /* Release */ = {
			isa = XCBuildConfiguration;
			buildSettings = {
				ALWAYS_SEARCH_USER_PATHS = NO;
				CLANG_CXX_LANGUAGE_STANDARD = "gnu++0x";
				CLANG_CXX_LIBRARY = "libc++";
				CLANG_ENABLE_MODULES = YES;
				CLANG_ENABLE_OBJC_ARC = YES;
				CLANG_WARN_BOOL_CONVERSION = YES;
				CLANG_WARN_CONSTANT_CONVERSION = YES;
				CLANG_WARN_DIRECT_OBJC_ISA_USAGE = YES_ERROR;
				CLANG_WARN_EMPTY_BODY = YES;
				CLANG_WARN_ENUM_CONVERSION = YES;
				CLANG_WARN_INT_CONVERSION = YES;
				CLANG_WARN_OBJC_ROOT_CLASS = YES_ERROR;
				CLANG_WARN_UNREACHABLE_CODE = YES;
				CLANG_WARN__DUPLICATE_METHOD_MATCH = YES;
				"CODE_SIGN_IDENTITY[sdk=iphoneos*]" = "iPhone Developer";
				COPY_PHASE_STRIP = NO;
				DEBUG_INFORMATION_FORMAT = "dwarf-with-dsym";
				ENABLE_NS_ASSERTIONS = NO;
				ENABLE_STRICT_OBJC_MSGSEND = YES;
				GCC_C_LANGUAGE_STANDARD = gnu99;
				GCC_NO_COMMON_BLOCKS = YES;
				GCC_WARN_64_TO_32_BIT_CONVERSION = YES;
				GCC_WARN_ABOUT_RETURN_TYPE = YES_ERROR;
				GCC_WARN_UNDECLARED_SELECTOR = YES;
				GCC_WARN_UNINITIALIZED_AUTOS = YES_AGGRESSIVE;
				GCC_WARN_UNUSED_FUNCTION = YES;
				GCC_WARN_UNUSED_VARIABLE = YES;
				IPHONEOS_DEPLOYMENT_TARGET = 8.4;
				MTL_ENABLE_DEBUG_INFO = NO;
				SDKROOT = iphoneos;
				TARGETED_DEVICE_FAMILY = "1,2";
				VALIDATE_PRODUCT = YES;
			};
			name = Release;
		};
		FA04D2D01B9122F50048339D /* Debug */ = {
			isa = XCBuildConfiguration;
			baseConfigurationReference = 46D34BAD8B3E6DC173EDF53F /* Pods-SimpleMessaging.debug.xcconfig */;
			buildSettings = {
				ASSETCATALOG_COMPILER_APPICON_NAME = AppIcon;
				CLANG_ENABLE_MODULES = YES;
				INFOPLIST_FILE = SimpleMessaging/Info.plist;
				LD_RUNPATH_SEARCH_PATHS = "$(inherited) @executable_path/Frameworks";
				PRODUCT_NAME = "$(TARGET_NAME)";
				SWIFT_OBJC_BRIDGING_HEADER = "SimpleMessaging-Bridging-Header.h";
				SWIFT_OPTIMIZATION_LEVEL = "-Onone";
			};
			name = Debug;
		};
		FA04D2D11B9122F50048339D /* Release */ = {
			isa = XCBuildConfiguration;
			baseConfigurationReference = A44D7DD22F3F1E2BBF9FCE30 /* Pods-SimpleMessaging.release.xcconfig */;
			buildSettings = {
				ASSETCATALOG_COMPILER_APPICON_NAME = AppIcon;
				CLANG_ENABLE_MODULES = YES;
				INFOPLIST_FILE = SimpleMessaging/Info.plist;
				LD_RUNPATH_SEARCH_PATHS = "$(inherited) @executable_path/Frameworks";
				PRODUCT_NAME = "$(TARGET_NAME)";
				SWIFT_OBJC_BRIDGING_HEADER = "SimpleMessaging-Bridging-Header.h";
			};
			name = Release;
		};
		FA04D2D31B9122F50048339D /* Debug */ = {
			isa = XCBuildConfiguration;
			baseConfigurationReference = 556B10E7A99985DED8EF4B9A /* Pods-SimpleMessagingTests.debug.xcconfig */;
			buildSettings = {
				BUNDLE_LOADER = "$(TEST_HOST)";
				CLANG_ENABLE_MODULES = YES;
				FRAMEWORK_SEARCH_PATHS = (
					"$(SDKROOT)/Developer/Library/Frameworks",
					"$(inherited)",
				);
				GCC_PREPROCESSOR_DEFINITIONS = (
					"DEBUG=1",
					"$(inherited)",
				);
				INFOPLIST_FILE = SimpleMessagingTests/Info.plist;
				LD_RUNPATH_SEARCH_PATHS = "$(inherited) @executable_path/Frameworks @loader_path/Frameworks";
				PRODUCT_NAME = "$(TARGET_NAME)";
				SWIFT_OBJC_BRIDGING_HEADER = "SimpleMessagingTests-Bridging-Header.h";
				SWIFT_OPTIMIZATION_LEVEL = "-Onone";
				TEST_HOST = "$(BUILT_PRODUCTS_DIR)/SimpleMessaging.app/SimpleMessaging";
			};
			name = Debug;
		};
		FA04D2D41B9122F50048339D /* Release */ = {
			isa = XCBuildConfiguration;
			baseConfigurationReference = 7E7351727C30BFE0FA48AD75 /* Pods-SimpleMessagingTests.release.xcconfig */;
			buildSettings = {
				BUNDLE_LOADER = "$(TEST_HOST)";
				CLANG_ENABLE_MODULES = YES;
				FRAMEWORK_SEARCH_PATHS = (
					"$(SDKROOT)/Developer/Library/Frameworks",
					"$(inherited)",
				);
				INFOPLIST_FILE = SimpleMessagingTests/Info.plist;
				LD_RUNPATH_SEARCH_PATHS = "$(inherited) @executable_path/Frameworks @loader_path/Frameworks";
				PRODUCT_NAME = "$(TARGET_NAME)";
				SWIFT_OBJC_BRIDGING_HEADER = "SimpleMessagingTests-Bridging-Header.h";
				TEST_HOST = "$(BUILT_PRODUCTS_DIR)/SimpleMessaging.app/SimpleMessaging";
			};
			name = Release;
		};
/* End XCBuildConfiguration section */

/* Begin XCConfigurationList section */
		FA04D2AB1B9122F50048339D /* Build configuration list for PBXProject "SimpleMessaging" */ = {
			isa = XCConfigurationList;
			buildConfigurations = (
				FA04D2CD1B9122F50048339D /* Debug */,
				FA04D2CE1B9122F50048339D /* Release */,
			);
			defaultConfigurationIsVisible = 0;
			defaultConfigurationName = Release;
		};
		FA04D2CF1B9122F50048339D /* Build configuration list for PBXNativeTarget "SimpleMessaging" */ = {
			isa = XCConfigurationList;
			buildConfigurations = (
				FA04D2D01B9122F50048339D /* Debug */,
				FA04D2D11B9122F50048339D /* Release */,
			);
			defaultConfigurationIsVisible = 0;
			defaultConfigurationName = Release;
		};
		FA04D2D21B9122F50048339D /* Build configuration list for PBXNativeTarget "SimpleMessagingTests" */ = {
			isa = XCConfigurationList;
			buildConfigurations = (
				FA04D2D31B9122F50048339D /* Debug */,
				FA04D2D41B9122F50048339D /* Release */,
			);
			defaultConfigurationIsVisible = 0;
			defaultConfigurationName = Release;
		};
/* End XCConfigurationList section */
	};
	rootObject = FA04D2A81B9122F50048339D /* Project object */;
}
